
Microsoft Visual Studio Solution File, Format Version 12.00
# Visual Studio 15
VisualStudioVersion = 15.0.28010.2019
MinimumVisualStudioVersion = 10.0.40219.1
Project("{FAE04EC0-301F-11D3-BF4B-00C04F79EFBC}") = "FleetSim.Objects", "FleetSim.Objects\FleetSim.Objects.csproj", "{70ECA295-31F0-46CC-BDBF-612241DD3D4F}"
EndProject
Project("{FAE04EC0-301F-11D3-BF4B-00C04F79EFBC}") = "FleetSim.Console", "FleetSim.Console\FleetSim.Console.csproj", "{6ECB1D72-88AD-475F-9C23-019A8C8DBF08}"
EndProject
Global
	GlobalSection(SolutionConfigurationPlatforms) = preSolution
		Debug|Any CPU = Debug|Any CPU
		Release|Any CPU = Release|Any CPU
	EndGlobalSection
	GlobalSection(ProjectConfigurationPlatforms) = postSolution
		{70ECA295-31F0-46CC-BDBF-612241DD3D4F}.Debug|Any CPU.ActiveCfg = Debug|Any CPU
		{70ECA295-31F0-46CC-BDBF-612241DD3D4F}.Debug|Any CPU.Build.0 = Debug|Any CPU
		{70ECA295-31F0-46CC-BDBF-612241DD3D4F}.Release|Any CPU.ActiveCfg = Release|Any CPU
		{70ECA295-31F0-46CC-BDBF-612241DD3D4F}.Release|Any CPU.Build.0 = Release|Any CPU
		{6ECB1D72-88AD-475F-9C23-019A8C8DBF08}.Debug|Any CPU.ActiveCfg = Debug|Any CPU
		{6ECB1D72-88AD-475F-9C23-019A8C8DBF08}.Debug|Any CPU.Build.0 = Debug|Any CPU
		{6ECB1D72-88AD-475F-9C23-019A8C8DBF08}.Release|Any CPU.ActiveCfg = Release|Any CPU
		{6ECB1D72-88AD-475F-9C23-019A8C8DBF08}.Release|Any CPU.Build.0 = Release|Any CPU
	EndGlobalSection
	GlobalSection(SolutionProperties) = preSolution
		HideSolutionNode = FALSE
	EndGlobalSection
	GlobalSection(ExtensibilityGlobals) = postSolution
		SolutionGuid = {0D9BE35A-3BDA-4680-BE4F-1B8C242946C8}
	EndGlobalSection
EndGlobal
